
Microsoft Visual Studio Solution File, Format Version 12.00
# Visual Studio 2013
VisualStudioVersion = 12.0.21005.1
MinimumVisualStudioVersion = 10.0.40219.1
Project("{FAE04EC0-301F-11D3-BF4B-00C04F79EFBC}") = "Visit2Medicine", "Visit2Medicine\Visit2Medicine.csproj", "{6016C951-DE37-48A8-A466-7DC8BE667A94}"
EndProject
Project("{FAE04EC0-301F-11D3-BF4B-00C04F79EFBC}") = "Visit2Blog", "Visit2Blog\Visit2Blog.csproj", "{C1E817DC-0B9C-4536-8764-B8063C85E9F7}"
EndProject
Global
	GlobalSection(SolutionConfigurationPlatforms) = preSolution
		Debug|Any CPU = Debug|Any CPU
		Release|Any CPU = Release|Any CPU
	EndGlobalSection
	GlobalSection(ProjectConfigurationPlatforms) = postSolution
		{6016C951-DE37-48A8-A466-7DC8BE667A94}.Debug|Any CPU.ActiveCfg = Debug|Any CPU
		{6016C951-DE37-48A8-A466-7DC8BE667A94}.Debug|Any CPU.Build.0 = Debug|Any CPU
		{6016C951-DE37-48A8-A466-7DC8BE667A94}.Release|Any CPU.ActiveCfg = Release|Any CPU
		{6016C951-DE37-48A8-A466-7DC8BE667A94}.Release|Any CPU.Build.0 = Release|Any CPU
		{C1E817DC-0B9C-4536-8764-B8063C85E9F7}.Debug|Any CPU.ActiveCfg = Debug|Any CPU
		{C1E817DC-0B9C-4536-8764-B8063C85E9F7}.Debug|Any CPU.Build.0 = Debug|Any CPU
		{C1E817DC-0B9C-4536-8764-B8063C85E9F7}.Release|Any CPU.ActiveCfg = Release|Any CPU
		{C1E817DC-0B9C-4536-8764-B8063C85E9F7}.Release|Any CPU.Build.0 = Release|Any CPU
	EndGlobalSection
	GlobalSection(SolutionProperties) = preSolution
		HideSolutionNode = FALSE
	EndGlobalSection
EndGlobal
